
Microsoft Visual Studio Solution File, Format Version 12.00
# Visual Studio Version 17
VisualStudioVersion = 17.8.34316.72
MinimumVisualStudioVersion = 10.0.40219.1
Project("{FAE04EC0-301F-11D3-BF4B-00C04F79EFBC}") = "Arrays", "..\TMS_AQA\Arrays\Arrays.csproj", "{5453EEB3-15AE-4A54-88FE-02E164F0AF63}"
EndProject
Global
	GlobalSection(SolutionConfigurationPlatforms) = preSolution
		Debug|Any CPU = Debug|Any CPU
		Release|Any CPU = Release|Any CPU
	EndGlobalSection
	GlobalSection(ProjectConfigurationPlatforms) = postSolution
		{5453EEB3-15AE-4A54-88FE-02E164F0AF63}.Debug|Any CPU.ActiveCfg = Debug|Any CPU
		{5453EEB3-15AE-4A54-88FE-02E164F0AF63}.Debug|Any CPU.Build.0 = Debug|Any CPU
		{5453EEB3-15AE-4A54-88FE-02E164F0AF63}.Release|Any CPU.ActiveCfg = Release|Any CPU
		{5453EEB3-15AE-4A54-88FE-02E164F0AF63}.Release|Any CPU.Build.0 = Release|Any CPU
	EndGlobalSection
	GlobalSection(SolutionProperties) = preSolution
		HideSolutionNode = FALSE
	EndGlobalSection
	GlobalSection(ExtensibilityGlobals) = postSolution
		SolutionGuid = {E148A984-1F2A-4EE6-B567-50977124F78E}
	EndGlobalSection
EndGlobal
